
Microsoft Visual Studio Solution File, Format Version 12.00
# Visual Studio 15
VisualStudioVersion = 15.0.28307.779
MinimumVisualStudioVersion = 10.0.40219.1
Project("{FAE04EC0-301F-11D3-BF4B-00C04F79EFBC}") = "Assignment2", "Assignment2\Assignment2.csproj", "{7E65A8F7-2DE0-4119-9DB0-5BDE9E327942}"
EndProject
Global
	GlobalSection(SolutionConfigurationPlatforms) = preSolution
		Debug|Any CPU = Debug|Any CPU
		Release|Any CPU = Release|Any CPU
	EndGlobalSection
	GlobalSection(ProjectConfigurationPlatforms) = postSolution
		{7E65A8F7-2DE0-4119-9DB0-5BDE9E327942}.Debug|Any CPU.ActiveCfg = Debug|Any CPU
		{7E65A8F7-2DE0-4119-9DB0-5BDE9E327942}.Debug|Any CPU.Build.0 = Debug|Any CPU
		{7E65A8F7-2DE0-4119-9DB0-5BDE9E327942}.Release|Any CPU.ActiveCfg = Release|Any CPU
		{7E65A8F7-2DE0-4119-9DB0-5BDE9E327942}.Release|Any CPU.Build.0 = Release|Any CPU
	EndGlobalSection
	GlobalSection(SolutionProperties) = preSolution
		HideSolutionNode = FALSE
	EndGlobalSection
	GlobalSection(ExtensibilityGlobals) = postSolution
		SolutionGuid = {BFB3994F-3DA6-4969-9AAD-03D1BA54687E}
	EndGlobalSection
EndGlobal
